// !$*UTF8*$!
{
	archiveVersion = 1;
	classes = {
	};
	objectVersion = 55;
	objects = {

/* Begin PBXBuildFile section */
		3A57B58B27CD186E00235109 /* NSAttributedString + Extension.swift in Sources */ = {isa = PBXBuildFile; fileRef = 3A57B58827CD186E00235109 /* NSAttributedString + Extension.swift */; };
		3A57B58C27CD186E00235109 /* UIView + Extension.swift in Sources */ = {isa = PBXBuildFile; fileRef = 3A57B58927CD186E00235109 /* UIView + Extension.swift */; };
		3A57B58D27CD186E00235109 /* NSTextAttachment + Extension.swift in Sources */ = {isa = PBXBuildFile; fileRef = 3A57B58A27CD186E00235109 /* NSTextAttachment + Extension.swift */; };
		3A57B59027CD196300235109 /* CardViewModel.swift in Sources */ = {isa = PBXBuildFile; fileRef = 3A57B58F27CD196300235109 /* CardViewModel.swift */; };
		3A57B59327CD45B800235109 /* HomeView.swift in Sources */ = {isa = PBXBuildFile; fileRef = 3A57B59227CD45B800235109 /* HomeView.swift */; };
		3A57B59727CD4BCA00235109 /* CardTableViewCell.swift in Sources */ = {isa = PBXBuildFile; fileRef = 3A57B59627CD4BCA00235109 /* CardTableViewCell.swift */; };
		3A57B59A27CD4E6E00235109 /* CustomCardView.swift in Sources */ = {isa = PBXBuildFile; fileRef = 3A57B59927CD4E6E00235109 /* CustomCardView.swift */; };
		3AE6486E27CD13E70046A81A /* AppDelegate.swift in Sources */ = {isa = PBXBuildFile; fileRef = 3AE6486D27CD13E70046A81A /* AppDelegate.swift */; };
		3AE6487027CD13E70046A81A /* SceneDelegate.swift in Sources */ = {isa = PBXBuildFile; fileRef = 3AE6486F27CD13E70046A81A /* SceneDelegate.swift */; };
		3AE6487227CD13E70046A81A /* HomeViewController.swift in Sources */ = {isa = PBXBuildFile; fileRef = 3AE6487127CD13E70046A81A /* HomeViewController.swift */; };
		3AE6487727CD13E90046A81A /* Assets.xcassets in Resources */ = {isa = PBXBuildFile; fileRef = 3AE6487627CD13E90046A81A /* Assets.xcassets */; };
		3AE6487A27CD13E90046A81A /* LaunchScreen.storyboard in Resources */ = {isa = PBXBuildFile; fileRef = 3AE6487827CD13E90046A81A /* LaunchScreen.storyboard */; };
/* End PBXBuildFile section */

/* Begin PBXFileReference section */
		3A57B58827CD186E00235109 /* NSAttributedString + Extension.swift */ = {isa = PBXFileReference; fileEncoding = 4; lastKnownFileType = sourcecode.swift; path = "NSAttributedString + Extension.swift"; sourceTree = "<group>"; };
		3A57B58927CD186E00235109 /* UIView + Extension.swift */ = {isa = PBXFileReference; fileEncoding = 4; lastKnownFileType = sourcecode.swift; path = "UIView + Extension.swift"; sourceTree = "<group>"; };
		3A57B58A27CD186E00235109 /* NSTextAttachment + Extension.swift */ = {isa = PBXFileReference; fileEncoding = 4; lastKnownFileType = sourcecode.swift; path = "NSTextAttachment + Extension.swift"; sourceTree = "<group>"; };
		3A57B58F27CD196300235109 /* CardViewModel.swift */ = {isa = PBXFileReference; fileEncoding = 4; lastKnownFileType = sourcecode.swift; path = CardViewModel.swift; sourceTree = "<group>"; };
		3A57B59227CD45B800235109 /* HomeView.swift */ = {isa = PBXFileReference; lastKnownFileType = sourcecode.swift; path = HomeView.swift; sourceTree = "<group>"; };
		3A57B59627CD4BCA00235109 /* CardTableViewCell.swift */ = {isa = PBXFileReference; lastKnownFileType = sourcecode.swift; path = CardTableViewCell.swift; sourceTree = "<group>"; };
		3A57B59927CD4E6E00235109 /* CustomCardView.swift */ = {isa = PBXFileReference; lastKnownFileType = sourcecode.swift; path = CustomCardView.swift; sourceTree = "<group>"; };
		3AE6486A27CD13E70046A81A /* Music.app */ = {isa = PBXFileReference; explicitFileType = wrapper.application; includeInIndex = 0; path = Music.app; sourceTree = BUILT_PRODUCTS_DIR; };
		3AE6486D27CD13E70046A81A /* AppDelegate.swift */ = {isa = PBXFileReference; lastKnownFileType = sourcecode.swift; path = AppDelegate.swift; sourceTree = "<group>"; };
		3AE6486F27CD13E70046A81A /* SceneDelegate.swift */ = {isa = PBXFileReference; lastKnownFileType = sourcecode.swift; path = SceneDelegate.swift; sourceTree = "<group>"; };
		3AE6487127CD13E70046A81A /* HomeViewController.swift */ = {isa = PBXFileReference; lastKnownFileType = sourcecode.swift; path = HomeViewController.swift; sourceTree = "<group>"; };
		3AE6487627CD13E90046A81A /* Assets.xcassets */ = {isa = PBXFileReference; lastKnownFileType = folder.assetcatalog; path = Assets.xcassets; sourceTree = "<group>"; };
		3AE6487927CD13E90046A81A /* Base */ = {isa = PBXFileReference; lastKnownFileType = file.storyboard; name = Base; path = Base.lproj/LaunchScreen.storyboard; sourceTree = "<group>"; };
		3AE6487B27CD13E90046A81A /* Info.plist */ = {isa = PBXFileReference; lastKnownFileType = text.plist.xml; path = Info.plist; sourceTree = "<group>"; };
/* End PBXFileReference section */

/* Begin PBXFrameworksBuildPhase section */
		3AE6486727CD13E70046A81A /* Frameworks */ = {
			isa = PBXFrameworksBuildPhase;
			buildActionMask = 2147483647;
			files = (
			);
			runOnlyForDeploymentPostprocessing = 0;
		};
/* End PBXFrameworksBuildPhase section */

/* Begin PBXGroup section */
		3A57B58727CD186E00235109 /* Extension */ = {
			isa = PBXGroup;
			children = (
				3A57B58827CD186E00235109 /* NSAttributedString + Extension.swift */,
				3A57B58927CD186E00235109 /* UIView + Extension.swift */,
				3A57B58A27CD186E00235109 /* NSTextAttachment + Extension.swift */,
			);
			path = Extension;
			sourceTree = "<group>";
		};
		3A57B58E27CD196300235109 /* Model */ = {
			isa = PBXGroup;
			children = (
				3A57B58F27CD196300235109 /* CardViewModel.swift */,
			);
			path = Model;
			sourceTree = "<group>";
		};
		3A57B59127CD453A00235109 /* Home */ = {
			isa = PBXGroup;
			children = (
				3A57B59227CD45B800235109 /* HomeView.swift */,
				3AE6487127CD13E70046A81A /* HomeViewController.swift */,
			);
			path = Home;
			sourceTree = "<group>";
		};
		3A57B59527CD4B9D00235109 /* TableViewCell */ = {
			isa = PBXGroup;
			children = (
				3A57B59627CD4BCA00235109 /* CardTableViewCell.swift */,
			);
			path = TableViewCell;
			sourceTree = "<group>";
		};
		3A57B59827CD4E4E00235109 /* CustomCardView */ = {
			isa = PBXGroup;
			children = (
				3A57B59927CD4E6E00235109 /* CustomCardView.swift */,
			);
			path = CustomCardView;
			sourceTree = "<group>";
		};
		3AE6486127CD13E70046A81A = {
			isa = PBXGroup;
			children = (
				3AE6486C27CD13E70046A81A /* Music */,
				3AE6486B27CD13E70046A81A /* Products */,
			);
			sourceTree = "<group>";
		};
		3AE6486B27CD13E70046A81A /* Products */ = {
			isa = PBXGroup;
			children = (
				3AE6486A27CD13E70046A81A /* Music.app */,
			);
			name = Products;
			sourceTree = "<group>";
		};
		3AE6486C27CD13E70046A81A /* Music */ = {
			isa = PBXGroup;
			children = (
				3A57B59827CD4E4E00235109 /* CustomCardView */,
				3A57B58E27CD196300235109 /* Model */,
				3A57B58727CD186E00235109 /* Extension */,
				3AE6486D27CD13E70046A81A /* AppDelegate.swift */,
				3AE6486F27CD13E70046A81A /* SceneDelegate.swift */,
				3A57B59527CD4B9D00235109 /* TableViewCell */,
				3A57B59127CD453A00235109 /* Home */,
				3AE6487627CD13E90046A81A /* Assets.xcassets */,
				3AE6487827CD13E90046A81A /* LaunchScreen.storyboard */,
				3AE6487B27CD13E90046A81A /* Info.plist */,
			);
			path = Music;
			sourceTree = "<group>";
		};
/* End PBXGroup section */

/* Begin PBXNativeTarget section */
		3AE6486927CD13E70046A81A /* Music */ = {
			isa = PBXNativeTarget;
			buildConfigurationList = 3AE6487E27CD13E90046A81A /* Build configuration list for PBXNativeTarget "Music" */;
			buildPhases = (
				3AE6486627CD13E70046A81A /* Sources */,
				3AE6486727CD13E70046A81A /* Frameworks */,
				3AE6486827CD13E70046A81A /* Resources */,
			);
			buildRules = (
			);
			dependencies = (
			);
			name = Music;
			productName = Music;
			productReference = 3AE6486A27CD13E70046A81A /* Music.app */;
			productType = "com.apple.product-type.application";
		};
/* End PBXNativeTarget section */

/* Begin PBXProject section */
		3AE6486227CD13E70046A81A /* Project object */ = {
			isa = PBXProject;
			attributes = {
				BuildIndependentTargetsInParallel = 1;
				LastSwiftUpdateCheck = 1320;
				LastUpgradeCheck = 1320;
				TargetAttributes = {
					3AE6486927CD13E70046A81A = {
						CreatedOnToolsVersion = 13.2.1;
					};
				};
			};
			buildConfigurationList = 3AE6486527CD13E70046A81A /* Build configuration list for PBXProject "Music" */;
			compatibilityVersion = "Xcode 13.0";
			developmentRegion = en;
			hasScannedForEncodings = 0;
			knownRegions = (
				en,
				Base,
			);
			mainGroup = 3AE6486127CD13E70046A81A;
			productRefGroup = 3AE6486B27CD13E70046A81A /* Products */;
			projectDirPath = "";
			projectRoot = "";
			targets = (
				3AE6486927CD13E70046A81A /* Music */,
			);
		};
/* End PBXProject section */

/* Begin PBXResourcesBuildPhase section */
		3AE6486827CD13E70046A81A /* Resources */ = {
			isa = PBXResourcesBuildPhase;
			buildActionMask = 2147483647;
			files = (
				3AE6487A27CD13E90046A81A /* LaunchScreen.storyboard in Resources */,
				3AE6487727CD13E90046A81A /* Assets.xcassets in Resources */,
			);
			runOnlyForDeploymentPostprocessing = 0;
		};
/* End PBXResourcesBuildPhase section */

/* Begin PBXSourcesBuildPhase section */
		3AE6486627CD13E70046A81A /* Sources */ = {
			isa = PBXSourcesBuildPhase;
			buildActionMask = 2147483647;
			files = (
				3AE6487227CD13E70046A81A /* HomeViewController.swift in Sources */,
				3AE6486E27CD13E70046A81A /* AppDelegate.swift in Sources */,
				3A57B58D27CD186E00235109 /* NSTextAttachment + Extension.swift in Sources */,
				3AE6487027CD13E70046A81A /* SceneDelegate.swift in Sources */,
				3A57B58C27CD186E00235109 /* UIView + Extension.swift in Sources */,
				3A57B59327CD45B800235109 /* HomeView.swift in Sources */,
				3A57B58B27CD186E00235109 /* NSAttributedString + Extension.swift in Sources */,
				3A57B59A27CD4E6E00235109 /* CustomCardView.swift in Sources */,
				3A57B59727CD4BCA00235109 /* CardTableViewCell.swift in Sources */,
				3A57B59027CD196300235109 /* CardViewModel.swift in Sources */,
			);
			runOnlyForDeploymentPostprocessing = 0;
		};
/* End PBXSourcesBuildPhase section */

/* Begin PBXVariantGroup section */
		3AE6487827CD13E90046A81A /* LaunchScreen.storyboard */ = {
			isa = PBXVariantGroup;
			children = (
				3AE6487927CD13E90046A81A /* Base */,
			);
			name = LaunchScreen.storyboard;
			sourceTree = "<group>";
		};
/* End PBXVariantGroup section */

/* Begin XCBuildConfiguration section */
		3AE6487C27CD13E90046A81A /* Debug */ = {
			isa = XCBuildConfiguration;
			buildSettings = {
				ALWAYS_SEARCH_USER_PATHS = NO;
				CLANG_ANALYZER_NONNULL = YES;
				CLANG_ANALYZER_NUMBER_OBJECT_CONVERSION = YES_AGGRESSIVE;
				CLANG_CXX_LANGUAGE_STANDARD = "gnu++17";
				CLANG_CXX_LIBRARY = "libc++";
				CLANG_ENABLE_MODULES = YES;
				CLANG_ENABLE_OBJC_ARC = YES;
				CLANG_ENABLE_OBJC_WEAK = YES;
				CLANG_WARN_BLOCK_CAPTURE_AUTORELEASING = YES;
				CLANG_WARN_BOOL_CONVERSION = YES;
				CLANG_WARN_COMMA = YES;
				CLANG_WARN_CONSTANT_CONVERSION = YES;
				CLANG_WARN_DEPRECATED_OBJC_IMPLEMENTATIONS = YES;
				CLANG_WARN_DIRECT_OBJC_ISA_USAGE = YES_ERROR;
				CLANG_WARN_DOCUMENTATION_COMMENTS = YES;
				CLANG_WARN_EMPTY_BODY = YES;
				CLANG_WARN_ENUM_CONVERSION = YES;
				CLANG_WARN_INFINITE_RECURSION = YES;
				CLANG_WARN_INT_CONVERSION = YES;
				CLANG_WARN_NON_LITERAL_NULL_CONVERSION = YES;
				CLANG_WARN_OBJC_IMPLICIT_RETAIN_SELF = YES;
				CLANG_WARN_OBJC_LITERAL_CONVERSION = YES;
				CLANG_WARN_OBJC_ROOT_CLASS = YES_ERROR;
				CLANG_WARN_QUOTED_INCLUDE_IN_FRAMEWORK_HEADER = YES;
				CLANG_WARN_RANGE_LOOP_ANALYSIS = YES;
				CLANG_WARN_STRICT_PROTOTYPES = YES;
				CLANG_WARN_SUSPICIOUS_MOVE = YES;
				CLANG_WARN_UNGUARDED_AVAILABILITY = YES_AGGRESSIVE;
				CLANG_WARN_UNREACHABLE_CODE = YES;
				CLANG_WARN__DUPLICATE_METHOD_MATCH = YES;
				COPY_PHASE_STRIP = NO;
				DEBUG_INFORMATION_FORMAT = dwarf;
				ENABLE_STRICT_OBJC_MSGSEND = YES;
				ENABLE_TESTABILITY = YES;
				GCC_C_LANGUAGE_STANDARD = gnu11;
				GCC_DYNAMIC_NO_PIC = NO;
				GCC_NO_COMMON_BLOCKS = YES;
				GCC_OPTIMIZATION_LEVEL = 0;
				GCC_PREPROCESSOR_DEFINITIONS = (
					"DEBUG=1",
					"$(inherited)",
				);
				GCC_WARN_64_TO_32_BIT_CONVERSION = YES;
				GCC_WARN_ABOUT_RETURN_TYPE = YES_ERROR;
				GCC_WARN_UNDECLARED_SELECTOR = YES;
				GCC_WARN_UNINITIALIZED_AUTOS = YES_AGGRESSIVE;
				GCC_WARN_UNUSED_FUNCTION = YES;
				GCC_WARN_UNUSED_VARIABLE = YES;
				IPHONEOS_DEPLOYMENT_TARGET = 15.2;
				MTL_ENABLE_DEBUG_INFO = INCLUDE_SOURCE;
				MTL_FAST_MATH = YES;
				ONLY_ACTIVE_ARCH = YES;
				SDKROOT = iphoneos;
				SWIFT_ACTIVE_COMPILATION_CONDITIONS = DEBUG;
				SWIFT_OPTIMIZATION_LEVEL = "-Onone";
			};
			name = Debug;
		};
		3AE6487D27CD13E90046A81A /* Release */ = {
			isa = XCBuildConfiguration;
			buildSettings = {
				ALWAYS_SEARCH_USER_PATHS = NO;
				CLANG_ANALYZER_NONNULL = YES;
				CLANG_ANALYZER_NUMBER_OBJECT_CONVERSION = YES_AGGRESSIVE;
				CLANG_CXX_LANGUAGE_STANDARD = "gnu++17";
				CLANG_CXX_LIBRARY = "libc++";
				CLANG_ENABLE_MODULES = YES;
				CLANG_ENABLE_OBJC_ARC = YES;
				CLANG_ENABLE_OBJC_WEAK = YES;
				CLANG_WARN_BLOCK_CAPTURE_AUTORELEASING = YES;
				CLANG_WARN_BOOL_CONVERSION = YES;
				CLANG_WARN_COMMA = YES;
				CLANG_WARN_CONSTANT_CONVERSION = YES;
				CLANG_WARN_DEPRECATED_OBJC_IMPLEMENTATIONS = YES;
				CLANG_WARN_DIRECT_OBJC_ISA_USAGE = YES_ERROR;
				CLANG_WARN_DOCUMENTATION_COMMENTS = YES;
				CLANG_WARN_EMPTY_BODY = YES;
				CLANG_WARN_ENUM_CONVERSION = YES;
				CLANG_WARN_INFINITE_RECURSION = YES;
				CLANG_WARN_INT_CONVERSION = YES;
				CLANG_WARN_NON_LITERAL_NULL_CONVERSION = YES;
				CLANG_WARN_OBJC_IMPLICIT_RETAIN_SELF = YES;
				CLANG_WARN_OBJC_LITERAL_CONVERSION = YES;
				CLANG_WARN_OBJC_ROOT_CLASS = YES_ERROR;
				CLANG_WARN_QUOTED_INCLUDE_IN_FRAMEWORK_HEADER = YES;
				CLANG_WARN_RANGE_LOOP_ANALYSIS = YES;
				CLANG_WARN_STRICT_PROTOTYPES = YES;
				CLANG_WARN_SUSPICIOUS_MOVE = YES;
				CLANG_WARN_UNGUARDED_AVAILABILITY = YES_AGGRESSIVE;
				CLANG_WARN_UNREACHABLE_CODE = YES;
				CLANG_WARN__DUPLICATE_METHOD_MATCH = YES;
				COPY_PHASE_STRIP = NO;
				DEBUG_INFORMATION_FORMAT = "dwarf-with-dsym";
				ENABLE_NS_ASSERTIONS = NO;
				ENABLE_STRICT_OBJC_MSGSEND = YES;
				GCC_C_LANGUAGE_STANDARD = gnu11;
				GCC_NO_COMMON_BLOCKS = YES;
				GCC_WARN_64_TO_32_BIT_CONVERSION = YES;
				GCC_WARN_ABOUT_RETURN_TYPE = YES_ERROR;
				GCC_WARN_UNDECLARED_SELECTOR = YES;
				GCC_WARN_UNINITIALIZED_AUTOS = YES_AGGRESSIVE;
				GCC_WARN_UNUSED_FUNCTION = YES;
				GCC_WARN_UNUSED_VARIABLE = YES;
				IPHONEOS_DEPLOYMENT_TARGET = 15.2;
				MTL_ENABLE_DEBUG_INFO = NO;
				MTL_FAST_MATH = YES;
				SDKROOT = iphoneos;
				SWIFT_COMPILATION_MODE = wholemodule;
				SWIFT_OPTIMIZATION_LEVEL = "-O";
				VALIDATE_PRODUCT = YES;
			};
			name = Release;
		};
		3AE6487F27CD13E90046A81A /* Debug */ = {
			isa = XCBuildConfiguration;
			buildSettings = {
				ASSETCATALOG_COMPILER_APPICON_NAME = AppIcon;
				ASSETCATALOG_COMPILER_GLOBAL_ACCENT_COLOR_NAME = AccentColor;
				CODE_SIGN_STYLE = Automatic;
				CURRENT_PROJECT_VERSION = 1;
				DEVELOPMENT_TEAM = KCY8Z5247K;
				GENERATE_INFOPLIST_FILE = YES;
				INFOPLIST_FILE = Music/Info.plist;
				INFOPLIST_KEY_UIApplicationSupportsIndirectInputEvents = YES;
				INFOPLIST_KEY_UILaunchStoryboardName = LaunchScreen;
				INFOPLIST_KEY_UISupportedInterfaceOrientations_iPad = "UIInterfaceOrientationPortrait UIInterfaceOrientationPortraitUpsideDown UIInterfaceOrientationLandscapeLeft UIInterfaceOrientationLandscapeRight";
				INFOPLIST_KEY_UISupportedInterfaceOrientations_iPhone = "UIInterfaceOrientationPortrait UIInterfaceOrientationLandscapeLeft UIInterfaceOrientationLandscapeRight";
				LD_RUNPATH_SEARCH_PATHS = (
					"$(inherited)",
					"@executable_path/Frameworks",
				);
				MARKETING_VERSION = 1.0;
				PRODUCT_BUNDLE_IDENTIFIER = paulorod07.Music;
				PRODUCT_NAME = "$(TARGET_NAME)";
				SWIFT_EMIT_LOC_STRINGS = YES;
				SWIFT_VERSION = 5.0;
				TARGETED_DEVICE_FAMILY = "1,2";
			};
			name = Debug;
		};
		3AE6488027CD13E90046A81A /* Release */ = {
			isa = XCBuildConfiguration;
			buildSettings = {
				ASSETCATALOG_COMPILER_APPICON_NAME = AppIcon;
				ASSETCATALOG_COMPILER_GLOBAL_ACCENT_COLOR_NAME = AccentColor;
				CODE_SIGN_STYLE = Automatic;
				CURRENT_PROJECT_VERSION = 1;
				DEVELOPMENT_TEAM = KCY8Z5247K;
				GENERATE_INFOPLIST_FILE = YES;
				INFOPLIST_FILE = Music/Info.plist;
				INFOPLIST_KEY_UIApplicationSupportsIndirectInputEvents = YES;
				INFOPLIST_KEY_UILaunchStoryboardName = LaunchScreen;
				INFOPLIST_KEY_UISupportedInterfaceOrientations_iPad = "UIInterfaceOrientationPortrait UIInterfaceOrientationPortraitUpsideDown UIInterfaceOrientationLandscapeLeft UIInterfaceOrientationLandscapeRight";
				INFOPLIST_KEY_UISupportedInterfaceOrientations_iPhone = "UIInterfaceOrientationPortrait UIInterfaceOrientationLandscapeLeft UIInterfaceOrientationLandscapeRight";
				LD_RUNPATH_SEARCH_PATHS = (
					"$(inherited)",
					"@executable_path/Frameworks",
				);
				MARKETING_VERSION = 1.0;
				PRODUCT_BUNDLE_IDENTIFIER = paulorod07.Music;
				PRODUCT_NAME = "$(TARGET_NAME)";
				SWIFT_EMIT_LOC_STRINGS = YES;
				SWIFT_VERSION = 5.0;
				TARGETED_DEVICE_FAMILY = "1,2";
			};
			name = Release;
		};
/* End XCBuildConfiguration section */

/* Begin XCConfigurationList section */
		3AE6486527CD13E70046A81A /* Build configuration list for PBXProject "Music" */ = {
			isa = XCConfigurationList;
			buildConfigurations = (
				3AE6487C27CD13E90046A81A /* Debug */,
				3AE6487D27CD13E90046A81A /* Release */,
			);
			defaultConfigurationIsVisible = 0;
			defaultConfigurationName = Release;
		};
		3AE6487E27CD13E90046A81A /* Build configuration list for PBXNativeTarget "Music" */ = {
			isa = XCConfigurationList;
			buildConfigurations = (
				3AE6487F27CD13E90046A81A /* Debug */,
				3AE6488027CD13E90046A81A /* Release */,
			);
			defaultConfigurationIsVisible = 0;
			defaultConfigurationName = Release;
		};
/* End XCConfigurationList section */
	};
	rootObject = 3AE6486227CD13E70046A81A /* Project object */;
}
